
Microsoft Visual Studio Solution File, Format Version 12.00
# Visual Studio 15
VisualStudioVersion = 15.0.28010.2046
MinimumVisualStudioVersion = 10.0.40219.1
Project("{2150E333-8FDC-42A3-9474-1A3956D46DE8}") = "基础业务", "基础业务", "{0694C09D-5889-4E78-9927-DF8BA0AB4C8F}"
EndProject
Project("{FAE04EC0-301F-11D3-BF4B-00C04F79EFBC}") = "WangJun.YunConvertor", "WangJun.YunConvertor\WangJun.YunConvertor.csproj", "{15A31A16-F82D-433C-8E02-04D696B345D6}"
EndProject
Project("{2150E333-8FDC-42A3-9474-1A3956D46DE8}") = "接口", "接口", "{A9B532E4-A233-4EE4-9888-B92041621849}"
EndProject
Project("{FAE04EC0-301F-11D3-BF4B-00C04F79EFBC}") = "WangJun.YunDB", "WangJun.YunDB\WangJun.YunDB.csproj", "{2DABFE1D-ACBF-4E41-BC36-205A626DF1EA}"
EndProject
Project("{FAE04EC0-301F-11D3-BF4B-00C04F79EFBC}") = "WangJun.Common", "WangJun.Common\WangJun.Common.csproj", "{D2FE513E-355E-44BA-96FE-844970CF960D}"
EndProject
Project("{FAE04EC0-301F-11D3-BF4B-00C04F79EFBC}") = "WangJun.YunPay", "WangJun.YunPay\WangJun.YunPay.csproj", "{91840E35-5952-4D8C-ABB2-5E848476B822}"
EndProject
Project("{FAE04EC0-301F-11D3-BF4B-00C04F79EFBC}") = "WangJun.YunEF", "WangJun.YunEF\WangJun.YunEF.csproj", "{7C1E7961-DE0E-4FFC-A797-6DAA3E6DF63F}"
EndProject
Project("{FAE04EC0-301F-11D3-BF4B-00C04F79EFBC}") = "HttpAPI", "HttpAPI\HttpAPI.csproj", "{6631EE08-4F3B-4640-B9E0-C0B0EF533936}"
EndProject
Project("{FAE04EC0-301F-11D3-BF4B-00C04F79EFBC}") = "WangJun.YunSpider", "WangJun.YunSpider\WangJun.YunSpider.csproj", "{B9EF34B4-2144-452A-9739-F71BB367F446}"
EndProject
Project("{FAE04EC0-301F-11D3-BF4B-00C04F79EFBC}") = "WangJun.YunQueue", "WangJun.YunQueue\WangJun.YunQueue.csproj", "{B3370E44-C78B-4381-B2C8-D20DCFF84272}"
EndProject
Project("{FAE04EC0-301F-11D3-BF4B-00C04F79EFBC}") = "WangJun.YunOrder", "WangJun.YunOrder\WangJun.YunOrder.csproj", "{4A969021-DE7D-436A-93B9-74E2D51E2D28}"
EndProject
Project("{FAE04EC0-301F-11D3-BF4B-00C04F79EFBC}") = "WangJun.YunFile", "WangJun.YunFile\WangJun.YunFile.csproj", "{43A8A651-E54B-4EB6-A29A-AA9355904209}"
EndProject
Project("{FAE04EC0-301F-11D3-BF4B-00C04F79EFBC}") = "WangJun.WeChat", "WangJun.WeChat\WangJun.WeChat.csproj", "{A4B527F4-3A15-457E-875E-16942074C524}"
EndProject
Project("{2150E333-8FDC-42A3-9474-1A3956D46DE8}") = "数据源", "数据源", "{4EA62A74-2B4A-491C-A802-8DFFA5AB625A}"
EndProject
Project("{FAE04EC0-301F-11D3-BF4B-00C04F79EFBC}") = "WangJun.DataSource.TouTiao", "WangJun.DataSource.TouTiao\WangJun.DataSource.TouTiao.csproj", "{727117CB-8309-452F-AE4B-CB57F932C989}"
EndProject
Project("{FAE04EC0-301F-11D3-BF4B-00C04F79EFBC}") = "WangJun.YunLog", "WangJun.YunLog\WangJun.YunLog.csproj", "{E2ACD9DD-7480-4D58-A4B6-4D30CB984735}"
EndProject
Project("{FAE04EC0-301F-11D3-BF4B-00C04F79EFBC}") = "LogAPI", "LogAPI\LogAPI.csproj", "{4F4C1EBD-AF3E-4B74-93EF-C6539026670A}"
EndProject
Project("{FAE04EC0-301F-11D3-BF4B-00C04F79EFBC}") = "WangJun.APITest", "WangJun.APITest\WangJun.APITest.csproj", "{DD5BFF4A-C04B-490B-A1E5-E25E97B89744}"
EndProject
Global
	GlobalSection(SolutionConfigurationPlatforms) = preSolution
		Debug|Any CPU = Debug|Any CPU
		Release|Any CPU = Release|Any CPU
	EndGlobalSection
	GlobalSection(ProjectConfigurationPlatforms) = postSolution
		{15A31A16-F82D-433C-8E02-04D696B345D6}.Debug|Any CPU.ActiveCfg = Debug|Any CPU
		{15A31A16-F82D-433C-8E02-04D696B345D6}.Debug|Any CPU.Build.0 = Debug|Any CPU
		{15A31A16-F82D-433C-8E02-04D696B345D6}.Release|Any CPU.ActiveCfg = Release|Any CPU
		{15A31A16-F82D-433C-8E02-04D696B345D6}.Release|Any CPU.Build.0 = Release|Any CPU
		{2DABFE1D-ACBF-4E41-BC36-205A626DF1EA}.Debug|Any CPU.ActiveCfg = Debug|Any CPU
		{2DABFE1D-ACBF-4E41-BC36-205A626DF1EA}.Debug|Any CPU.Build.0 = Debug|Any CPU
		{2DABFE1D-ACBF-4E41-BC36-205A626DF1EA}.Release|Any CPU.ActiveCfg = Release|Any CPU
		{2DABFE1D-ACBF-4E41-BC36-205A626DF1EA}.Release|Any CPU.Build.0 = Release|Any CPU
		{D2FE513E-355E-44BA-96FE-844970CF960D}.Debug|Any CPU.ActiveCfg = Debug|Any CPU
		{D2FE513E-355E-44BA-96FE-844970CF960D}.Debug|Any CPU.Build.0 = Debug|Any CPU
		{D2FE513E-355E-44BA-96FE-844970CF960D}.Release|Any CPU.ActiveCfg = Release|Any CPU
		{D2FE513E-355E-44BA-96FE-844970CF960D}.Release|Any CPU.Build.0 = Release|Any CPU
		{91840E35-5952-4D8C-ABB2-5E848476B822}.Debug|Any CPU.ActiveCfg = Debug|Any CPU
		{91840E35-5952-4D8C-ABB2-5E848476B822}.Debug|Any CPU.Build.0 = Debug|Any CPU
		{91840E35-5952-4D8C-ABB2-5E848476B822}.Release|Any CPU.ActiveCfg = Release|Any CPU
		{91840E35-5952-4D8C-ABB2-5E848476B822}.Release|Any CPU.Build.0 = Release|Any CPU
		{7C1E7961-DE0E-4FFC-A797-6DAA3E6DF63F}.Debug|Any CPU.ActiveCfg = Debug|Any CPU
		{7C1E7961-DE0E-4FFC-A797-6DAA3E6DF63F}.Debug|Any CPU.Build.0 = Debug|Any CPU
		{7C1E7961-DE0E-4FFC-A797-6DAA3E6DF63F}.Release|Any CPU.ActiveCfg = Release|Any CPU
		{7C1E7961-DE0E-4FFC-A797-6DAA3E6DF63F}.Release|Any CPU.Build.0 = Release|Any CPU
		{6631EE08-4F3B-4640-B9E0-C0B0EF533936}.Debug|Any CPU.ActiveCfg = Debug|Any CPU
		{6631EE08-4F3B-4640-B9E0-C0B0EF533936}.Debug|Any CPU.Build.0 = Debug|Any CPU
		{6631EE08-4F3B-4640-B9E0-C0B0EF533936}.Release|Any CPU.ActiveCfg = Release|Any CPU
		{6631EE08-4F3B-4640-B9E0-C0B0EF533936}.Release|Any CPU.Build.0 = Release|Any CPU
		{B9EF34B4-2144-452A-9739-F71BB367F446}.Debug|Any CPU.ActiveCfg = Debug|Any CPU
		{B9EF34B4-2144-452A-9739-F71BB367F446}.Debug|Any CPU.Build.0 = Debug|Any CPU
		{B9EF34B4-2144-452A-9739-F71BB367F446}.Release|Any CPU.ActiveCfg = Release|Any CPU
		{B9EF34B4-2144-452A-9739-F71BB367F446}.Release|Any CPU.Build.0 = Release|Any CPU
		{B3370E44-C78B-4381-B2C8-D20DCFF84272}.Debug|Any CPU.ActiveCfg = Debug|Any CPU
		{B3370E44-C78B-4381-B2C8-D20DCFF84272}.Debug|Any CPU.Build.0 = Debug|Any CPU
		{B3370E44-C78B-4381-B2C8-D20DCFF84272}.Release|Any CPU.ActiveCfg = Release|Any CPU
		{B3370E44-C78B-4381-B2C8-D20DCFF84272}.Release|Any CPU.Build.0 = Release|Any CPU
		{4A969021-DE7D-436A-93B9-74E2D51E2D28}.Debug|Any CPU.ActiveCfg = Debug|Any CPU
		{4A969021-DE7D-436A-93B9-74E2D51E2D28}.Debug|Any CPU.Build.0 = Debug|Any CPU
		{4A969021-DE7D-436A-93B9-74E2D51E2D28}.Release|Any CPU.ActiveCfg = Release|Any CPU
		{4A969021-DE7D-436A-93B9-74E2D51E2D28}.Release|Any CPU.Build.0 = Release|Any CPU
		{43A8A651-E54B-4EB6-A29A-AA9355904209}.Debug|Any CPU.ActiveCfg = Debug|Any CPU
		{43A8A651-E54B-4EB6-A29A-AA9355904209}.Debug|Any CPU.Build.0 = Debug|Any CPU
		{43A8A651-E54B-4EB6-A29A-AA9355904209}.Release|Any CPU.ActiveCfg = Release|Any CPU
		{43A8A651-E54B-4EB6-A29A-AA9355904209}.Release|Any CPU.Build.0 = Release|Any CPU
		{A4B527F4-3A15-457E-875E-16942074C524}.Debug|Any CPU.ActiveCfg = Debug|Any CPU
		{A4B527F4-3A15-457E-875E-16942074C524}.Debug|Any CPU.Build.0 = Debug|Any CPU
		{A4B527F4-3A15-457E-875E-16942074C524}.Release|Any CPU.ActiveCfg = Release|Any CPU
		{A4B527F4-3A15-457E-875E-16942074C524}.Release|Any CPU.Build.0 = Release|Any CPU
		{727117CB-8309-452F-AE4B-CB57F932C989}.Debug|Any CPU.ActiveCfg = Debug|Any CPU
		{727117CB-8309-452F-AE4B-CB57F932C989}.Debug|Any CPU.Build.0 = Debug|Any CPU
		{727117CB-8309-452F-AE4B-CB57F932C989}.Release|Any CPU.ActiveCfg = Release|Any CPU
		{727117CB-8309-452F-AE4B-CB57F932C989}.Release|Any CPU.Build.0 = Release|Any CPU
		{E2ACD9DD-7480-4D58-A4B6-4D30CB984735}.Debug|Any CPU.ActiveCfg = Debug|Any CPU
		{E2ACD9DD-7480-4D58-A4B6-4D30CB984735}.Debug|Any CPU.Build.0 = Debug|Any CPU
		{E2ACD9DD-7480-4D58-A4B6-4D30CB984735}.Release|Any CPU.ActiveCfg = Release|Any CPU
		{E2ACD9DD-7480-4D58-A4B6-4D30CB984735}.Release|Any CPU.Build.0 = Release|Any CPU
		{4F4C1EBD-AF3E-4B74-93EF-C6539026670A}.Debug|Any CPU.ActiveCfg = Debug|Any CPU
		{4F4C1EBD-AF3E-4B74-93EF-C6539026670A}.Debug|Any CPU.Build.0 = Debug|Any CPU
		{4F4C1EBD-AF3E-4B74-93EF-C6539026670A}.Release|Any CPU.ActiveCfg = Release|Any CPU
		{4F4C1EBD-AF3E-4B74-93EF-C6539026670A}.Release|Any CPU.Build.0 = Release|Any CPU
		{DD5BFF4A-C04B-490B-A1E5-E25E97B89744}.Debug|Any CPU.ActiveCfg = Debug|Any CPU
		{DD5BFF4A-C04B-490B-A1E5-E25E97B89744}.Debug|Any CPU.Build.0 = Debug|Any CPU
		{DD5BFF4A-C04B-490B-A1E5-E25E97B89744}.Release|Any CPU.ActiveCfg = Release|Any CPU
		{DD5BFF4A-C04B-490B-A1E5-E25E97B89744}.Release|Any CPU.Build.0 = Release|Any CPU
	EndGlobalSection
	GlobalSection(SolutionProperties) = preSolution
		HideSolutionNode = FALSE
	EndGlobalSection
	GlobalSection(NestedProjects) = preSolution
		{15A31A16-F82D-433C-8E02-04D696B345D6} = {0694C09D-5889-4E78-9927-DF8BA0AB4C8F}
		{2DABFE1D-ACBF-4E41-BC36-205A626DF1EA} = {0694C09D-5889-4E78-9927-DF8BA0AB4C8F}
		{D2FE513E-355E-44BA-96FE-844970CF960D} = {0694C09D-5889-4E78-9927-DF8BA0AB4C8F}
		{91840E35-5952-4D8C-ABB2-5E848476B822} = {0694C09D-5889-4E78-9927-DF8BA0AB4C8F}
		{7C1E7961-DE0E-4FFC-A797-6DAA3E6DF63F} = {0694C09D-5889-4E78-9927-DF8BA0AB4C8F}
		{6631EE08-4F3B-4640-B9E0-C0B0EF533936} = {A9B532E4-A233-4EE4-9888-B92041621849}
		{B9EF34B4-2144-452A-9739-F71BB367F446} = {0694C09D-5889-4E78-9927-DF8BA0AB4C8F}
		{B3370E44-C78B-4381-B2C8-D20DCFF84272} = {0694C09D-5889-4E78-9927-DF8BA0AB4C8F}
		{4A969021-DE7D-436A-93B9-74E2D51E2D28} = {0694C09D-5889-4E78-9927-DF8BA0AB4C8F}
		{43A8A651-E54B-4EB6-A29A-AA9355904209} = {0694C09D-5889-4E78-9927-DF8BA0AB4C8F}
		{A4B527F4-3A15-457E-875E-16942074C524} = {0694C09D-5889-4E78-9927-DF8BA0AB4C8F}
		{4F4C1EBD-AF3E-4B74-93EF-C6539026670A} = {A9B532E4-A233-4EE4-9888-B92041621849}
	EndGlobalSection
	GlobalSection(ExtensibilityGlobals) = postSolution
		SolutionGuid = {88960E35-C3BF-4EC9-A2B7-B2831A1629AA}
	EndGlobalSection
EndGlobal
