
Microsoft Visual Studio Solution File, Format Version 12.00
# Visual Studio 15
VisualStudioVersion = 15.0.28010.2046
MinimumVisualStudioVersion = 10.0.40219.1
Project("{FAE04EC0-301F-11D3-BF4B-00C04F79EFBC}") = "WangJun.APITest", "WangJun.APITest\WangJun.APITest.csproj", "{72D0B2ED-60D7-47BE-AD67-1ACBB1605C0E}"
EndProject
Project("{2150E333-8FDC-42A3-9474-1A3956D46DE8}") = "基础业务", "基础业务", "{0694C09D-5889-4E78-9927-DF8BA0AB4C8F}"
EndProject
Project("{FAE04EC0-301F-11D3-BF4B-00C04F79EFBC}") = "WangJun.YunConvertor", "WangJun.YunConvertor\WangJun.YunConvertor.csproj", "{15A31A16-F82D-433C-8E02-04D696B345D6}"
EndProject
Project("{2150E333-8FDC-42A3-9474-1A3956D46DE8}") = "接口", "接口", "{A9B532E4-A233-4EE4-9888-B92041621849}"
EndProject
Project("{FAE04EC0-301F-11D3-BF4B-00C04F79EFBC}") = "WangJun.YunDB", "WangJun.YunDB\WangJun.YunDB.csproj", "{2DABFE1D-ACBF-4E41-BC36-205A626DF1EA}"
EndProject
Project("{FAE04EC0-301F-11D3-BF4B-00C04F79EFBC}") = "WangJun.Common", "WangJun.Common\WangJun.Common.csproj", "{D2FE513E-355E-44BA-96FE-844970CF960D}"
EndProject
Project("{FAE04EC0-301F-11D3-BF4B-00C04F79EFBC}") = "WangJun.YunPay", "WangJun.YunPay\WangJun.YunPay.csproj", "{91840E35-5952-4D8C-ABB2-5E848476B822}"
EndProject
Project("{FAE04EC0-301F-11D3-BF4B-00C04F79EFBC}") = "WangJun.YunEF", "WangJun.YunEF\WangJun.YunEF.csproj", "{7C1E7961-DE0E-4FFC-A797-6DAA3E6DF63F}"
EndProject
Project("{2150E333-8FDC-42A3-9474-1A3956D46DE8}") = "文档", "文档", "{9A531D78-788F-4C09-9627-8207E98C95A8}"
EndProject
Project("{2150E333-8FDC-42A3-9474-1A3956D46DE8}") = "界面", "界面", "{CF728202-6DE0-4D79-9E83-83941B831662}"
EndProject
Project("{FAE04EC0-301F-11D3-BF4B-00C04F79EFBC}") = "WangJun.PCWeb", "WangJun.PCWeb\WangJun.PCWeb.csproj", "{D7863A76-BDFF-44FD-9A93-2C0C0D483C9A}"
EndProject
Project("{FAE04EC0-301F-11D3-BF4B-00C04F79EFBC}") = "HttpAPI", "HttpAPI\HttpAPI.csproj", "{6631EE08-4F3B-4640-B9E0-C0B0EF533936}"
EndProject
Project("{FAE04EC0-301F-11D3-BF4B-00C04F79EFBC}") = "WangJun.JSLib", "WangJun.JSLib\WangJun.JSLib.csproj", "{9296AFCD-B456-4854-8B2D-603472A3B123}"
EndProject
Project("{2150E333-8FDC-42A3-9474-1A3956D46DE8}") = "JS库", "JS库", "{1B304772-8BDB-4C65-87B9-578812843F90}"
EndProject
Project("{FAE04EC0-301F-11D3-BF4B-00C04F79EFBC}") = "WangJun.RedisTest", "WangJun.RedisTest\WangJun.RedisTest.csproj", "{409F000D-BF20-48FA-AFB3-E3F6F30190CB}"
EndProject
Project("{FAE04EC0-301F-11D3-BF4B-00C04F79EFBC}") = "WangJun.YunSpider", "WangJun.YunSpider\WangJun.YunSpider.csproj", "{B9EF34B4-2144-452A-9739-F71BB367F446}"
EndProject
Project("{FAE04EC0-301F-11D3-BF4B-00C04F79EFBC}") = "WangJun.YunQueue", "WangJun.YunQueue\WangJun.YunQueue.csproj", "{B3370E44-C78B-4381-B2C8-D20DCFF84272}"
EndProject
Project("{FAE04EC0-301F-11D3-BF4B-00C04F79EFBC}") = "WangJun.YunOrder", "WangJun.YunOrder\WangJun.YunOrder.csproj", "{4A969021-DE7D-436A-93B9-74E2D51E2D28}"
EndProject
Project("{FAE04EC0-301F-11D3-BF4B-00C04F79EFBC}") = "WangJun.SelfHostAPI", "WangJun.SelfHostAPI\WangJun.SelfHostAPI.csproj", "{7115DE18-C824-40AD-A15B-D8A000D53ED8}"
EndProject
Global
	GlobalSection(SolutionConfigurationPlatforms) = preSolution
		Debug|Any CPU = Debug|Any CPU
		Release|Any CPU = Release|Any CPU
	EndGlobalSection
	GlobalSection(ProjectConfigurationPlatforms) = postSolution
		{72D0B2ED-60D7-47BE-AD67-1ACBB1605C0E}.Debug|Any CPU.ActiveCfg = Debug|Any CPU
		{72D0B2ED-60D7-47BE-AD67-1ACBB1605C0E}.Debug|Any CPU.Build.0 = Debug|Any CPU
		{72D0B2ED-60D7-47BE-AD67-1ACBB1605C0E}.Release|Any CPU.ActiveCfg = Release|Any CPU
		{72D0B2ED-60D7-47BE-AD67-1ACBB1605C0E}.Release|Any CPU.Build.0 = Release|Any CPU
		{15A31A16-F82D-433C-8E02-04D696B345D6}.Debug|Any CPU.ActiveCfg = Debug|Any CPU
		{15A31A16-F82D-433C-8E02-04D696B345D6}.Debug|Any CPU.Build.0 = Debug|Any CPU
		{15A31A16-F82D-433C-8E02-04D696B345D6}.Release|Any CPU.ActiveCfg = Release|Any CPU
		{15A31A16-F82D-433C-8E02-04D696B345D6}.Release|Any CPU.Build.0 = Release|Any CPU
		{2DABFE1D-ACBF-4E41-BC36-205A626DF1EA}.Debug|Any CPU.ActiveCfg = Debug|Any CPU
		{2DABFE1D-ACBF-4E41-BC36-205A626DF1EA}.Debug|Any CPU.Build.0 = Debug|Any CPU
		{2DABFE1D-ACBF-4E41-BC36-205A626DF1EA}.Release|Any CPU.ActiveCfg = Release|Any CPU
		{2DABFE1D-ACBF-4E41-BC36-205A626DF1EA}.Release|Any CPU.Build.0 = Release|Any CPU
		{D2FE513E-355E-44BA-96FE-844970CF960D}.Debug|Any CPU.ActiveCfg = Debug|Any CPU
		{D2FE513E-355E-44BA-96FE-844970CF960D}.Debug|Any CPU.Build.0 = Debug|Any CPU
		{D2FE513E-355E-44BA-96FE-844970CF960D}.Release|Any CPU.ActiveCfg = Release|Any CPU
		{D2FE513E-355E-44BA-96FE-844970CF960D}.Release|Any CPU.Build.0 = Release|Any CPU
		{91840E35-5952-4D8C-ABB2-5E848476B822}.Debug|Any CPU.ActiveCfg = Debug|Any CPU
		{91840E35-5952-4D8C-ABB2-5E848476B822}.Debug|Any CPU.Build.0 = Debug|Any CPU
		{91840E35-5952-4D8C-ABB2-5E848476B822}.Release|Any CPU.ActiveCfg = Release|Any CPU
		{91840E35-5952-4D8C-ABB2-5E848476B822}.Release|Any CPU.Build.0 = Release|Any CPU
		{7C1E7961-DE0E-4FFC-A797-6DAA3E6DF63F}.Debug|Any CPU.ActiveCfg = Debug|Any CPU
		{7C1E7961-DE0E-4FFC-A797-6DAA3E6DF63F}.Debug|Any CPU.Build.0 = Debug|Any CPU
		{7C1E7961-DE0E-4FFC-A797-6DAA3E6DF63F}.Release|Any CPU.ActiveCfg = Release|Any CPU
		{7C1E7961-DE0E-4FFC-A797-6DAA3E6DF63F}.Release|Any CPU.Build.0 = Release|Any CPU
		{D7863A76-BDFF-44FD-9A93-2C0C0D483C9A}.Debug|Any CPU.ActiveCfg = Debug|Any CPU
		{D7863A76-BDFF-44FD-9A93-2C0C0D483C9A}.Debug|Any CPU.Build.0 = Debug|Any CPU
		{D7863A76-BDFF-44FD-9A93-2C0C0D483C9A}.Release|Any CPU.ActiveCfg = Release|Any CPU
		{D7863A76-BDFF-44FD-9A93-2C0C0D483C9A}.Release|Any CPU.Build.0 = Release|Any CPU
		{6631EE08-4F3B-4640-B9E0-C0B0EF533936}.Debug|Any CPU.ActiveCfg = Debug|Any CPU
		{6631EE08-4F3B-4640-B9E0-C0B0EF533936}.Debug|Any CPU.Build.0 = Debug|Any CPU
		{6631EE08-4F3B-4640-B9E0-C0B0EF533936}.Release|Any CPU.ActiveCfg = Release|Any CPU
		{6631EE08-4F3B-4640-B9E0-C0B0EF533936}.Release|Any CPU.Build.0 = Release|Any CPU
		{9296AFCD-B456-4854-8B2D-603472A3B123}.Debug|Any CPU.ActiveCfg = Debug|Any CPU
		{9296AFCD-B456-4854-8B2D-603472A3B123}.Debug|Any CPU.Build.0 = Debug|Any CPU
		{9296AFCD-B456-4854-8B2D-603472A3B123}.Release|Any CPU.ActiveCfg = Release|Any CPU
		{9296AFCD-B456-4854-8B2D-603472A3B123}.Release|Any CPU.Build.0 = Release|Any CPU
		{409F000D-BF20-48FA-AFB3-E3F6F30190CB}.Debug|Any CPU.ActiveCfg = Debug|Any CPU
		{409F000D-BF20-48FA-AFB3-E3F6F30190CB}.Debug|Any CPU.Build.0 = Debug|Any CPU
		{409F000D-BF20-48FA-AFB3-E3F6F30190CB}.Release|Any CPU.ActiveCfg = Release|Any CPU
		{409F000D-BF20-48FA-AFB3-E3F6F30190CB}.Release|Any CPU.Build.0 = Release|Any CPU
		{B9EF34B4-2144-452A-9739-F71BB367F446}.Debug|Any CPU.ActiveCfg = Debug|Any CPU
		{B9EF34B4-2144-452A-9739-F71BB367F446}.Debug|Any CPU.Build.0 = Debug|Any CPU
		{B9EF34B4-2144-452A-9739-F71BB367F446}.Release|Any CPU.ActiveCfg = Release|Any CPU
		{B9EF34B4-2144-452A-9739-F71BB367F446}.Release|Any CPU.Build.0 = Release|Any CPU
		{B3370E44-C78B-4381-B2C8-D20DCFF84272}.Debug|Any CPU.ActiveCfg = Debug|Any CPU
		{B3370E44-C78B-4381-B2C8-D20DCFF84272}.Debug|Any CPU.Build.0 = Debug|Any CPU
		{B3370E44-C78B-4381-B2C8-D20DCFF84272}.Release|Any CPU.ActiveCfg = Release|Any CPU
		{B3370E44-C78B-4381-B2C8-D20DCFF84272}.Release|Any CPU.Build.0 = Release|Any CPU
		{4A969021-DE7D-436A-93B9-74E2D51E2D28}.Debug|Any CPU.ActiveCfg = Debug|Any CPU
		{4A969021-DE7D-436A-93B9-74E2D51E2D28}.Debug|Any CPU.Build.0 = Debug|Any CPU
		{4A969021-DE7D-436A-93B9-74E2D51E2D28}.Release|Any CPU.ActiveCfg = Release|Any CPU
		{4A969021-DE7D-436A-93B9-74E2D51E2D28}.Release|Any CPU.Build.0 = Release|Any CPU
		{7115DE18-C824-40AD-A15B-D8A000D53ED8}.Debug|Any CPU.ActiveCfg = Debug|Any CPU
		{7115DE18-C824-40AD-A15B-D8A000D53ED8}.Debug|Any CPU.Build.0 = Debug|Any CPU
		{7115DE18-C824-40AD-A15B-D8A000D53ED8}.Release|Any CPU.ActiveCfg = Release|Any CPU
		{7115DE18-C824-40AD-A15B-D8A000D53ED8}.Release|Any CPU.Build.0 = Release|Any CPU
	EndGlobalSection
	GlobalSection(SolutionProperties) = preSolution
		HideSolutionNode = FALSE
	EndGlobalSection
	GlobalSection(NestedProjects) = preSolution
		{15A31A16-F82D-433C-8E02-04D696B345D6} = {0694C09D-5889-4E78-9927-DF8BA0AB4C8F}
		{2DABFE1D-ACBF-4E41-BC36-205A626DF1EA} = {0694C09D-5889-4E78-9927-DF8BA0AB4C8F}
		{D2FE513E-355E-44BA-96FE-844970CF960D} = {0694C09D-5889-4E78-9927-DF8BA0AB4C8F}
		{91840E35-5952-4D8C-ABB2-5E848476B822} = {0694C09D-5889-4E78-9927-DF8BA0AB4C8F}
		{7C1E7961-DE0E-4FFC-A797-6DAA3E6DF63F} = {0694C09D-5889-4E78-9927-DF8BA0AB4C8F}
		{D7863A76-BDFF-44FD-9A93-2C0C0D483C9A} = {CF728202-6DE0-4D79-9E83-83941B831662}
		{6631EE08-4F3B-4640-B9E0-C0B0EF533936} = {A9B532E4-A233-4EE4-9888-B92041621849}
		{9296AFCD-B456-4854-8B2D-603472A3B123} = {1B304772-8BDB-4C65-87B9-578812843F90}
		{B9EF34B4-2144-452A-9739-F71BB367F446} = {0694C09D-5889-4E78-9927-DF8BA0AB4C8F}
		{B3370E44-C78B-4381-B2C8-D20DCFF84272} = {0694C09D-5889-4E78-9927-DF8BA0AB4C8F}
		{4A969021-DE7D-436A-93B9-74E2D51E2D28} = {0694C09D-5889-4E78-9927-DF8BA0AB4C8F}
		{7115DE18-C824-40AD-A15B-D8A000D53ED8} = {A9B532E4-A233-4EE4-9888-B92041621849}
	EndGlobalSection
	GlobalSection(ExtensibilityGlobals) = postSolution
		SolutionGuid = {88960E35-C3BF-4EC9-A2B7-B2831A1629AA}
	EndGlobalSection
EndGlobal
